
Microsoft Visual Studio Solution File, Format Version 12.00
# Visual Studio 15
VisualStudioVersion = 15.0.28010.2036
MinimumVisualStudioVersion = 10.0.40219.1
Project("{FAE04EC0-301F-11D3-BF4B-00C04F79EFBC}") = "WcfDemo.Service", "WcfDemo.Service\WcfDemo.Service.csproj", "{7FD14CDF-88CE-4F43-9AF0-CD23DCF04397}"
EndProject
Project("{FAE04EC0-301F-11D3-BF4B-00C04F79EFBC}") = "WcfDemo.Client", "WcfDemo.Client\WcfDemo.Client.csproj", "{2776A850-81AE-4429-9BC4-185C6AEDCE0C}"
EndProject
Project("{FAE04EC0-301F-11D3-BF4B-00C04F79EFBC}") = "WcfDemo.Contracts", "WcfDemo.Contracts\WcfDemo.Contracts.csproj", "{A3F62DAF-83A1-46E2-9D04-AD5150C261CD}"
EndProject
Project("{FAE04EC0-301F-11D3-BF4B-00C04F79EFBC}") = "WcfDemo.Common", "WcfDemo.Common\WcfDemo.Common.csproj", "{8B50DAE4-213B-41A1-ACFF-5BA1D1A95386}"
EndProject
Project("{FAE04EC0-301F-11D3-BF4B-00C04F79EFBC}") = "WcfDemo.Database", "WcfDemo.Database\WcfDemo.Database.csproj", "{50F09404-C185-4665-888E-6194B5B15BAD}"
EndProject
Project("{FAE04EC0-301F-11D3-BF4B-00C04F79EFBC}") = "WcfDemo.Repositories", "WcfDemo.Repositories\WcfDemo.Repositories.csproj", "{CEF5D731-73E9-4661-8B36-1FC131F7B457}"
EndProject
Global
	GlobalSection(SolutionConfigurationPlatforms) = preSolution
		Debug|Any CPU = Debug|Any CPU
		Release|Any CPU = Release|Any CPU
	EndGlobalSection
	GlobalSection(ProjectConfigurationPlatforms) = postSolution
		{7FD14CDF-88CE-4F43-9AF0-CD23DCF04397}.Debug|Any CPU.ActiveCfg = Debug|Any CPU
		{7FD14CDF-88CE-4F43-9AF0-CD23DCF04397}.Debug|Any CPU.Build.0 = Debug|Any CPU
		{7FD14CDF-88CE-4F43-9AF0-CD23DCF04397}.Release|Any CPU.ActiveCfg = Release|Any CPU
		{7FD14CDF-88CE-4F43-9AF0-CD23DCF04397}.Release|Any CPU.Build.0 = Release|Any CPU
		{2776A850-81AE-4429-9BC4-185C6AEDCE0C}.Debug|Any CPU.ActiveCfg = Debug|Any CPU
		{2776A850-81AE-4429-9BC4-185C6AEDCE0C}.Debug|Any CPU.Build.0 = Debug|Any CPU
		{2776A850-81AE-4429-9BC4-185C6AEDCE0C}.Release|Any CPU.ActiveCfg = Release|Any CPU
		{2776A850-81AE-4429-9BC4-185C6AEDCE0C}.Release|Any CPU.Build.0 = Release|Any CPU
		{A3F62DAF-83A1-46E2-9D04-AD5150C261CD}.Debug|Any CPU.ActiveCfg = Debug|Any CPU
		{A3F62DAF-83A1-46E2-9D04-AD5150C261CD}.Debug|Any CPU.Build.0 = Debug|Any CPU
		{A3F62DAF-83A1-46E2-9D04-AD5150C261CD}.Release|Any CPU.ActiveCfg = Release|Any CPU
		{A3F62DAF-83A1-46E2-9D04-AD5150C261CD}.Release|Any CPU.Build.0 = Release|Any CPU
		{8B50DAE4-213B-41A1-ACFF-5BA1D1A95386}.Debug|Any CPU.ActiveCfg = Debug|Any CPU
		{8B50DAE4-213B-41A1-ACFF-5BA1D1A95386}.Debug|Any CPU.Build.0 = Debug|Any CPU
		{8B50DAE4-213B-41A1-ACFF-5BA1D1A95386}.Release|Any CPU.ActiveCfg = Release|Any CPU
		{8B50DAE4-213B-41A1-ACFF-5BA1D1A95386}.Release|Any CPU.Build.0 = Release|Any CPU
		{50F09404-C185-4665-888E-6194B5B15BAD}.Debug|Any CPU.ActiveCfg = Debug|Any CPU
		{50F09404-C185-4665-888E-6194B5B15BAD}.Debug|Any CPU.Build.0 = Debug|Any CPU
		{50F09404-C185-4665-888E-6194B5B15BAD}.Release|Any CPU.ActiveCfg = Release|Any CPU
		{50F09404-C185-4665-888E-6194B5B15BAD}.Release|Any CPU.Build.0 = Release|Any CPU
		{CEF5D731-73E9-4661-8B36-1FC131F7B457}.Debug|Any CPU.ActiveCfg = Debug|Any CPU
		{CEF5D731-73E9-4661-8B36-1FC131F7B457}.Debug|Any CPU.Build.0 = Debug|Any CPU
		{CEF5D731-73E9-4661-8B36-1FC131F7B457}.Release|Any CPU.ActiveCfg = Release|Any CPU
		{CEF5D731-73E9-4661-8B36-1FC131F7B457}.Release|Any CPU.Build.0 = Release|Any CPU
	EndGlobalSection
	GlobalSection(SolutionProperties) = preSolution
		HideSolutionNode = FALSE
	EndGlobalSection
	GlobalSection(ExtensibilityGlobals) = postSolution
		SolutionGuid = {E4179E69-9F2C-4200-ADEE-B4B1A1D0D604}
	EndGlobalSection
EndGlobal
